
Microsoft Visual Studio Solution File, Format Version 12.00
# Visual Studio Version 17
VisualStudioVersion = 17.14.37314.3 d17.14
MinimumVisualStudioVersion = 10.0.40219.1
Project("{FAE04EC0-301F-11D3-BF4B-00C04F79EFBC}") = "ChatGroupApp.Server", "ChatGroupApp.Server\ChatGroupApp.Server.csproj", "{98E672A2-BF8C-4929-987C-DCBCB454F73A}"
EndProject
Project("{FAE04EC0-301F-11D3-BF4B-00C04F79EFBC}") = "ChatGroupApp.Client", "ChatGroupApp.Client\ChatGroupApp.Client.csproj", "{0C30FD59-5FF9-4596-BA64-AD9689AA5AA5}"
EndProject
Global
	GlobalSection(SolutionConfigurationPlatforms) = preSolution
		Debug|Any CPU = Debug|Any CPU
		Debug|x64 = Debug|x64
		Debug|x86 = Debug|x86
		Release|Any CPU = Release|Any CPU
		Release|x64 = Release|x64
		Release|x86 = Release|x86
	EndGlobalSection
	GlobalSection(ProjectConfigurationPlatforms) = postSolution
		{98E672A2-BF8C-4929-987C-DCBCB454F73A}.Debug|Any CPU.ActiveCfg = Debug|Any CPU
		{98E672A2-BF8C-4929-987C-DCBCB454F73A}.Debug|Any CPU.Build.0 = Debug|Any CPU
		{98E672A2-BF8C-4929-987C-DCBCB454F73A}.Debug|x64.ActiveCfg = Debug|Any CPU
		{98E672A2-BF8C-4929-987C-DCBCB454F73A}.Debug|x64.Build.0 = Debug|Any CPU
		{98E672A2-BF8C-4929-987C-DCBCB454F73A}.Debug|x86.ActiveCfg = Debug|Any CPU
		{98E672A2-BF8C-4929-987C-DCBCB454F73A}.Debug|x86.Build.0 = Debug|Any CPU
		{98E672A2-BF8C-4929-987C-DCBCB454F73A}.Release|Any CPU.ActiveCfg = Release|Any CPU
		{98E672A2-BF8C-4929-987C-DCBCB454F73A}.Release|Any CPU.Build.0 = Release|Any CPU
		{98E672A2-BF8C-4929-987C-DCBCB454F73A}.Release|x64.ActiveCfg = Release|Any CPU
		{98E672A2-BF8C-4929-987C-DCBCB454F73A}.Release|x64.Build.0 = Release|Any CPU
		{98E672A2-BF8C-4929-987C-DCBCB454F73A}.Release|x86.ActiveCfg = Release|Any CPU
		{98E672A2-BF8C-4929-987C-DCBCB454F73A}.Release|x86.Build.0 = Release|Any CPU
		{0C30FD59-5FF9-4596-BA64-AD9689AA5AA5}.Debug|Any CPU.ActiveCfg = Debug|Any CPU
		{0C30FD59-5FF9-4596-BA64-AD9689AA5AA5}.Debug|Any CPU.Build.0 = Debug|Any CPU
		{0C30FD59-5FF9-4596-BA64-AD9689AA5AA5}.Debug|x64.ActiveCfg = Debug|Any CPU
		{0C30FD59-5FF9-4596-BA64-AD9689AA5AA5}.Debug|x64.Build.0 = Debug|Any CPU
		{0C30FD59-5FF9-4596-BA64-AD9689AA5AA5}.Debug|x86.ActiveCfg = Debug|Any CPU
		{0C30FD59-5FF9-4596-BA64-AD9689AA5AA5}.Debug|x86.Build.0 = Debug|Any CPU
		{0C30FD59-5FF9-4596-BA64-AD9689AA5AA5}.Release|Any CPU.ActiveCfg = Release|Any CPU
		{0C30FD59-5FF9-4596-BA64-AD9689AA5AA5}.Release|Any CPU.Build.0 = Release|Any CPU
		{0C30FD59-5FF9-4596-BA64-AD9689AA5AA5}.Release|x64.ActiveCfg = Release|Any CPU
		{0C30FD59-5FF9-4596-BA64-AD9689AA5AA5}.Release|x64.Build.0 = Release|Any CPU
		{0C30FD59-5FF9-4596-BA64-AD9689AA5AA5}.Release|x86.ActiveCfg = Release|Any CPU
		{0C30FD59-5FF9-4596-BA64-AD9689AA5AA5}.Release|x86.Build.0 = Release|Any CPU
	EndGlobalSection
	GlobalSection(SolutionProperties) = preSolution
		HideSolutionNode = FALSE
	EndGlobalSection
	GlobalSection(ExtensibilityGlobals) = postSolution
		SolutionGuid = {A77CEEDC-1515-4E25-A5CC-DD4F7DF102C1}
	EndGlobalSection
EndGlobal
